// !$*UTF8*$!
{
	archiveVersion = 1;
	classes = {
	};
	objectVersion = 55;
	objects = {

/* Begin PBXBuildFile section */
		776C7853276A4D9B004102BA /* AppDelegate.swift in Sources */ = {isa = PBXBuildFile; fileRef = 776C7852276A4D9B004102BA /* AppDelegate.swift */; };
		776C7857276A4D9B004102BA /* ViewController.swift in Sources */ = {isa = PBXBuildFile; fileRef = 776C7856276A4D9B004102BA /* ViewController.swift */; };
		776C785A276A4D9B004102BA /* Main.storyboard in Resources */ = {isa = PBXBuildFile; fileRef = 776C7858276A4D9B004102BA /* Main.storyboard */; };
		776C785C276A4D9E004102BA /* Assets.xcassets in Resources */ = {isa = PBXBuildFile; fileRef = 776C785B276A4D9E004102BA /* Assets.xcassets */; };
		776C785F276A4D9E004102BA /* LaunchScreen.storyboard in Resources */ = {isa = PBXBuildFile; fileRef = 776C785D276A4D9E004102BA /* LaunchScreen.storyboard */; };
		776C7868276A50E0004102BA /* MedialibraryViewController.swift in Sources */ = {isa = PBXBuildFile; fileRef = 776C7867276A50E0004102BA /* MedialibraryViewController.swift */; };
		776C786A276A50F9004102BA /* ForYouViewController.swift in Sources */ = {isa = PBXBuildFile; fileRef = 776C7869276A50F9004102BA /* ForYouViewController.swift */; };
		776C786C276A5112004102BA /* AlbumsViewController.swift in Sources */ = {isa = PBXBuildFile; fileRef = 776C786B276A5112004102BA /* AlbumsViewController.swift */; };
		776C786E276A5122004102BA /* SearchViewController.swift in Sources */ = {isa = PBXBuildFile; fileRef = 776C786D276A5122004102BA /* SearchViewController.swift */; };
		776C7877276A9012004102BA /* MyAlbumsCollectionViewCell.xib in Resources */ = {isa = PBXBuildFile; fileRef = 776C7875276A9012004102BA /* MyAlbumsCollectionViewCell.xib */; };
		776C7878276A9012004102BA /* MyAlbumsCollectionViewCell.swift in Sources */ = {isa = PBXBuildFile; fileRef = 776C7876276A9012004102BA /* MyAlbumsCollectionViewCell.swift */; };
		776C787A276A902A004102BA /* Item.swift in Sources */ = {isa = PBXBuildFile; fileRef = 776C7879276A902A004102BA /* Item.swift */; };
		776C787D276C95E7004102BA /* MyAlbumsHeader.swift in Sources */ = {isa = PBXBuildFile; fileRef = 776C787C276C95E7004102BA /* MyAlbumsHeader.swift */; };
		776C787F276CC156004102BA /* CommonAlbumsHeader.swift in Sources */ = {isa = PBXBuildFile; fileRef = 776C787E276CC156004102BA /* CommonAlbumsHeader.swift */; };
		776C7882276D194B004102BA /* ListItem.swift in Sources */ = {isa = PBXBuildFile; fileRef = 776C7881276D194B004102BA /* ListItem.swift */; };
		776C7884276D1A79004102BA /* MediaTypeHeader.swift in Sources */ = {isa = PBXBuildFile; fileRef = 776C7883276D1A79004102BA /* MediaTypeHeader.swift */; };
		776C7887276D1CE8004102BA /* MediaTypeCollectionViewCell.swift in Sources */ = {isa = PBXBuildFile; fileRef = 776C7885276D1CE8004102BA /* MediaTypeCollectionViewCell.swift */; };
		776C7888276D1CE8004102BA /* MediaTypeCollectionViewCell.xib in Resources */ = {isa = PBXBuildFile; fileRef = 776C7886276D1CE8004102BA /* MediaTypeCollectionViewCell.xib */; };
/* End PBXBuildFile section */

/* Begin PBXFileReference section */
		776C784F276A4D9B004102BA /* HomeWork13.app */ = {isa = PBXFileReference; explicitFileType = wrapper.application; includeInIndex = 0; path = HomeWork13.app; sourceTree = BUILT_PRODUCTS_DIR; };
		776C7852276A4D9B004102BA /* AppDelegate.swift */ = {isa = PBXFileReference; lastKnownFileType = sourcecode.swift; path = AppDelegate.swift; sourceTree = "<group>"; };
		776C7856276A4D9B004102BA /* ViewController.swift */ = {isa = PBXFileReference; lastKnownFileType = sourcecode.swift; path = ViewController.swift; sourceTree = "<group>"; };
		776C7859276A4D9B004102BA /* Base */ = {isa = PBXFileReference; lastKnownFileType = file.storyboard; name = Base; path = Base.lproj/Main.storyboard; sourceTree = "<group>"; };
		776C785B276A4D9E004102BA /* Assets.xcassets */ = {isa = PBXFileReference; lastKnownFileType = folder.assetcatalog; path = Assets.xcassets; sourceTree = "<group>"; };
		776C785E276A4D9E004102BA /* Base */ = {isa = PBXFileReference; lastKnownFileType = file.storyboard; name = Base; path = Base.lproj/LaunchScreen.storyboard; sourceTree = "<group>"; };
		776C7860276A4D9E004102BA /* Info.plist */ = {isa = PBXFileReference; lastKnownFileType = text.plist.xml; path = Info.plist; sourceTree = "<group>"; };
		776C7867276A50E0004102BA /* MedialibraryViewController.swift */ = {isa = PBXFileReference; lastKnownFileType = sourcecode.swift; path = MedialibraryViewController.swift; sourceTree = "<group>"; };
		776C7869276A50F9004102BA /* ForYouViewController.swift */ = {isa = PBXFileReference; lastKnownFileType = sourcecode.swift; path = ForYouViewController.swift; sourceTree = "<group>"; };
		776C786B276A5112004102BA /* AlbumsViewController.swift */ = {isa = PBXFileReference; lastKnownFileType = sourcecode.swift; path = AlbumsViewController.swift; sourceTree = "<group>"; };
		776C786D276A5122004102BA /* SearchViewController.swift */ = {isa = PBXFileReference; lastKnownFileType = sourcecode.swift; path = SearchViewController.swift; sourceTree = "<group>"; };
		776C7875276A9012004102BA /* MyAlbumsCollectionViewCell.xib */ = {isa = PBXFileReference; fileEncoding = 4; lastKnownFileType = file.xib; path = MyAlbumsCollectionViewCell.xib; sourceTree = "<group>"; };
		776C7876276A9012004102BA /* MyAlbumsCollectionViewCell.swift */ = {isa = PBXFileReference; fileEncoding = 4; lastKnownFileType = sourcecode.swift; path = MyAlbumsCollectionViewCell.swift; sourceTree = "<group>"; };
		776C7879276A902A004102BA /* Item.swift */ = {isa = PBXFileReference; fileEncoding = 4; lastKnownFileType = sourcecode.swift; path = Item.swift; sourceTree = "<group>"; };
		776C787C276C95E7004102BA /* MyAlbumsHeader.swift */ = {isa = PBXFileReference; lastKnownFileType = sourcecode.swift; path = MyAlbumsHeader.swift; sourceTree = "<group>"; };
		776C787E276CC156004102BA /* CommonAlbumsHeader.swift */ = {isa = PBXFileReference; lastKnownFileType = sourcecode.swift; path = CommonAlbumsHeader.swift; sourceTree = "<group>"; };
		776C7881276D194B004102BA /* ListItem.swift */ = {isa = PBXFileReference; lastKnownFileType = sourcecode.swift; path = ListItem.swift; sourceTree = "<group>"; };
		776C7883276D1A79004102BA /* MediaTypeHeader.swift */ = {isa = PBXFileReference; lastKnownFileType = sourcecode.swift; path = MediaTypeHeader.swift; sourceTree = "<group>"; };
		776C7885276D1CE8004102BA /* MediaTypeCollectionViewCell.swift */ = {isa = PBXFileReference; lastKnownFileType = sourcecode.swift; path = MediaTypeCollectionViewCell.swift; sourceTree = "<group>"; };
		776C7886276D1CE8004102BA /* MediaTypeCollectionViewCell.xib */ = {isa = PBXFileReference; lastKnownFileType = file.xib; path = MediaTypeCollectionViewCell.xib; sourceTree = "<group>"; };
/* End PBXFileReference section */

/* Begin PBXFrameworksBuildPhase section */
		776C784C276A4D9B004102BA /* Frameworks */ = {
			isa = PBXFrameworksBuildPhase;
			buildActionMask = 2147483647;
			files = (
			);
			runOnlyForDeploymentPostprocessing = 0;
		};
/* End PBXFrameworksBuildPhase section */

/* Begin PBXGroup section */
		776C7846276A4D9B004102BA = {
			isa = PBXGroup;
			children = (
				776C7851276A4D9B004102BA /* HomeWork13 */,
				776C7850276A4D9B004102BA /* Products */,
			);
			sourceTree = "<group>";
		};
		776C7850276A4D9B004102BA /* Products */ = {
			isa = PBXGroup;
			children = (
				776C784F276A4D9B004102BA /* HomeWork13.app */,
			);
			name = Products;
			sourceTree = "<group>";
		};
		776C7851276A4D9B004102BA /* HomeWork13 */ = {
			isa = PBXGroup;
			children = (
				776C787B276A9055004102BA /* Section 1, 2 */,
				776C7880276D18CC004102BA /* Section 3 */,
				776C7866276A507F004102BA /* TabBar Controllers */,
				776C7852276A4D9B004102BA /* AppDelegate.swift */,
				776C7856276A4D9B004102BA /* ViewController.swift */,
				776C7858276A4D9B004102BA /* Main.storyboard */,
				776C785B276A4D9E004102BA /* Assets.xcassets */,
				776C785D276A4D9E004102BA /* LaunchScreen.storyboard */,
				776C7860276A4D9E004102BA /* Info.plist */,
			);
			path = HomeWork13;
			sourceTree = "<group>";
		};
		776C7866276A507F004102BA /* TabBar Controllers */ = {
			isa = PBXGroup;
			children = (
				776C7867276A50E0004102BA /* MedialibraryViewController.swift */,
				776C7869276A50F9004102BA /* ForYouViewController.swift */,
				776C786B276A5112004102BA /* AlbumsViewController.swift */,
				776C786D276A5122004102BA /* SearchViewController.swift */,
			);
			path = "TabBar Controllers";
			sourceTree = "<group>";
		};
		776C787B276A9055004102BA /* Section 1, 2 */ = {
			isa = PBXGroup;
			children = (
				776C7876276A9012004102BA /* MyAlbumsCollectionViewCell.swift */,
				776C7875276A9012004102BA /* MyAlbumsCollectionViewCell.xib */,
				776C7879276A902A004102BA /* Item.swift */,
				776C787C276C95E7004102BA /* MyAlbumsHeader.swift */,
				776C787E276CC156004102BA /* CommonAlbumsHeader.swift */,
			);
			path = "Section 1, 2";
			sourceTree = "<group>";
		};
		776C7880276D18CC004102BA /* Section 3 */ = {
			isa = PBXGroup;
			children = (
				776C7885276D1CE8004102BA /* MediaTypeCollectionViewCell.swift */,
				776C7886276D1CE8004102BA /* MediaTypeCollectionViewCell.xib */,
				776C7881276D194B004102BA /* ListItem.swift */,
				776C7883276D1A79004102BA /* MediaTypeHeader.swift */,
			);
			path = "Section 3";
			sourceTree = "<group>";
		};
/* End PBXGroup section */

/* Begin PBXNativeTarget section */
		776C784E276A4D9B004102BA /* HomeWork13 */ = {
			isa = PBXNativeTarget;
			buildConfigurationList = 776C7863276A4D9E004102BA /* Build configuration list for PBXNativeTarget "HomeWork13" */;
			buildPhases = (
				776C784B276A4D9B004102BA /* Sources */,
				776C784C276A4D9B004102BA /* Frameworks */,
				776C784D276A4D9B004102BA /* Resources */,
			);
			buildRules = (
			);
			dependencies = (
			);
			name = HomeWork13;
			productName = HomeWork13;
			productReference = 776C784F276A4D9B004102BA /* HomeWork13.app */;
			productType = "com.apple.product-type.application";
		};
/* End PBXNativeTarget section */

/* Begin PBXProject section */
		776C7847276A4D9B004102BA /* Project object */ = {
			isa = PBXProject;
			attributes = {
				BuildIndependentTargetsInParallel = 1;
				LastSwiftUpdateCheck = 1310;
				LastUpgradeCheck = 1310;
				TargetAttributes = {
					776C784E276A4D9B004102BA = {
						CreatedOnToolsVersion = 13.1;
					};
				};
			};
			buildConfigurationList = 776C784A276A4D9B004102BA /* Build configuration list for PBXProject "HomeWork13" */;
			compatibilityVersion = "Xcode 13.0";
			developmentRegion = en;
			hasScannedForEncodings = 0;
			knownRegions = (
				en,
				Base,
			);
			mainGroup = 776C7846276A4D9B004102BA;
			productRefGroup = 776C7850276A4D9B004102BA /* Products */;
			projectDirPath = "";
			projectRoot = "";
			targets = (
				776C784E276A4D9B004102BA /* HomeWork13 */,
			);
		};
/* End PBXProject section */

/* Begin PBXResourcesBuildPhase section */
		776C784D276A4D9B004102BA /* Resources */ = {
			isa = PBXResourcesBuildPhase;
			buildActionMask = 2147483647;
			files = (
				776C7877276A9012004102BA /* MyAlbumsCollectionViewCell.xib in Resources */,
				776C785F276A4D9E004102BA /* LaunchScreen.storyboard in Resources */,
				776C785C276A4D9E004102BA /* Assets.xcassets in Resources */,
				776C785A276A4D9B004102BA /* Main.storyboard in Resources */,
				776C7888276D1CE8004102BA /* MediaTypeCollectionViewCell.xib in Resources */,
			);
			runOnlyForDeploymentPostprocessing = 0;
		};
/* End PBXResourcesBuildPhase section */

/* Begin PBXSourcesBuildPhase section */
		776C784B276A4D9B004102BA /* Sources */ = {
			isa = PBXSourcesBuildPhase;
			buildActionMask = 2147483647;
			files = (
				776C7887276D1CE8004102BA /* MediaTypeCollectionViewCell.swift in Sources */,
				776C7878276A9012004102BA /* MyAlbumsCollectionViewCell.swift in Sources */,
				776C7857276A4D9B004102BA /* ViewController.swift in Sources */,
				776C786E276A5122004102BA /* SearchViewController.swift in Sources */,
				776C7884276D1A79004102BA /* MediaTypeHeader.swift in Sources */,
				776C7853276A4D9B004102BA /* AppDelegate.swift in Sources */,
				776C7882276D194B004102BA /* ListItem.swift in Sources */,
				776C786C276A5112004102BA /* AlbumsViewController.swift in Sources */,
				776C7868276A50E0004102BA /* MedialibraryViewController.swift in Sources */,
				776C786A276A50F9004102BA /* ForYouViewController.swift in Sources */,
				776C787F276CC156004102BA /* CommonAlbumsHeader.swift in Sources */,
				776C787D276C95E7004102BA /* MyAlbumsHeader.swift in Sources */,
				776C787A276A902A004102BA /* Item.swift in Sources */,
			);
			runOnlyForDeploymentPostprocessing = 0;
		};
/* End PBXSourcesBuildPhase section */

/* Begin PBXVariantGroup section */
		776C7858276A4D9B004102BA /* Main.storyboard */ = {
			isa = PBXVariantGroup;
			children = (
				776C7859276A4D9B004102BA /* Base */,
			);
			name = Main.storyboard;
			sourceTree = "<group>";
		};
		776C785D276A4D9E004102BA /* LaunchScreen.storyboard */ = {
			isa = PBXVariantGroup;
			children = (
				776C785E276A4D9E004102BA /* Base */,
			);
			name = LaunchScreen.storyboard;
			sourceTree = "<group>";
		};
/* End PBXVariantGroup section */

/* Begin XCBuildConfiguration section */
		776C7861276A4D9E004102BA /* Debug */ = {
			isa = XCBuildConfiguration;
			buildSettings = {
				ALWAYS_SEARCH_USER_PATHS = NO;
				CLANG_ANALYZER_NONNULL = YES;
				CLANG_ANALYZER_NUMBER_OBJECT_CONVERSION = YES_AGGRESSIVE;
				CLANG_CXX_LANGUAGE_STANDARD = "gnu++17";
				CLANG_CXX_LIBRARY = "libc++";
				CLANG_ENABLE_MODULES = YES;
				CLANG_ENABLE_OBJC_ARC = YES;
				CLANG_ENABLE_OBJC_WEAK = YES;
				CLANG_WARN_BLOCK_CAPTURE_AUTORELEASING = YES;
				CLANG_WARN_BOOL_CONVERSION = YES;
				CLANG_WARN_COMMA = YES;
				CLANG_WARN_CONSTANT_CONVERSION = YES;
				CLANG_WARN_DEPRECATED_OBJC_IMPLEMENTATIONS = YES;
				CLANG_WARN_DIRECT_OBJC_ISA_USAGE = YES_ERROR;
				CLANG_WARN_DOCUMENTATION_COMMENTS = YES;
				CLANG_WARN_EMPTY_BODY = YES;
				CLANG_WARN_ENUM_CONVERSION = YES;
				CLANG_WARN_INFINITE_RECURSION = YES;
				CLANG_WARN_INT_CONVERSION = YES;
				CLANG_WARN_NON_LITERAL_NULL_CONVERSION = YES;
				CLANG_WARN_OBJC_IMPLICIT_RETAIN_SELF = YES;
				CLANG_WARN_OBJC_LITERAL_CONVERSION = YES;
				CLANG_WARN_OBJC_ROOT_CLASS = YES_ERROR;
				CLANG_WARN_QUOTED_INCLUDE_IN_FRAMEWORK_HEADER = YES;
				CLANG_WARN_RANGE_LOOP_ANALYSIS = YES;
				CLANG_WARN_STRICT_PROTOTYPES = YES;
				CLANG_WARN_SUSPICIOUS_MOVE = YES;
				CLANG_WARN_UNGUARDED_AVAILABILITY = YES_AGGRESSIVE;
				CLANG_WARN_UNREACHABLE_CODE = YES;
				CLANG_WARN__DUPLICATE_METHOD_MATCH = YES;
				COPY_PHASE_STRIP = NO;
				DEBUG_INFORMATION_FORMAT = dwarf;
				ENABLE_STRICT_OBJC_MSGSEND = YES;
				ENABLE_TESTABILITY = YES;
				GCC_C_LANGUAGE_STANDARD = gnu11;
				GCC_DYNAMIC_NO_PIC = NO;
				GCC_NO_COMMON_BLOCKS = YES;
				GCC_OPTIMIZATION_LEVEL = 0;
				GCC_PREPROCESSOR_DEFINITIONS = (
					"DEBUG=1",
					"$(inherited)",
				);
				GCC_WARN_64_TO_32_BIT_CONVERSION = YES;
				GCC_WARN_ABOUT_RETURN_TYPE = YES_ERROR;
				GCC_WARN_UNDECLARED_SELECTOR = YES;
				GCC_WARN_UNINITIALIZED_AUTOS = YES_AGGRESSIVE;
				GCC_WARN_UNUSED_FUNCTION = YES;
				GCC_WARN_UNUSED_VARIABLE = YES;
				IPHONEOS_DEPLOYMENT_TARGET = 15.0;
				MTL_ENABLE_DEBUG_INFO = INCLUDE_SOURCE;
				MTL_FAST_MATH = YES;
				ONLY_ACTIVE_ARCH = YES;
				SDKROOT = iphoneos;
				SWIFT_ACTIVE_COMPILATION_CONDITIONS = DEBUG;
				SWIFT_OPTIMIZATION_LEVEL = "-Onone";
			};
			name = Debug;
		};
		776C7862276A4D9E004102BA /* Release */ = {
			isa = XCBuildConfiguration;
			buildSettings = {
				ALWAYS_SEARCH_USER_PATHS = NO;
				CLANG_ANALYZER_NONNULL = YES;
				CLANG_ANALYZER_NUMBER_OBJECT_CONVERSION = YES_AGGRESSIVE;
				CLANG_CXX_LANGUAGE_STANDARD = "gnu++17";
				CLANG_CXX_LIBRARY = "libc++";
				CLANG_ENABLE_MODULES = YES;
				CLANG_ENABLE_OBJC_ARC = YES;
				CLANG_ENABLE_OBJC_WEAK = YES;
				CLANG_WARN_BLOCK_CAPTURE_AUTORELEASING = YES;
				CLANG_WARN_BOOL_CONVERSION = YES;
				CLANG_WARN_COMMA = YES;
				CLANG_WARN_CONSTANT_CONVERSION = YES;
				CLANG_WARN_DEPRECATED_OBJC_IMPLEMENTATIONS = YES;
				CLANG_WARN_DIRECT_OBJC_ISA_USAGE = YES_ERROR;
				CLANG_WARN_DOCUMENTATION_COMMENTS = YES;
				CLANG_WARN_EMPTY_BODY = YES;
				CLANG_WARN_ENUM_CONVERSION = YES;
				CLANG_WARN_INFINITE_RECURSION = YES;
				CLANG_WARN_INT_CONVERSION = YES;
				CLANG_WARN_NON_LITERAL_NULL_CONVERSION = YES;
				CLANG_WARN_OBJC_IMPLICIT_RETAIN_SELF = YES;
				CLANG_WARN_OBJC_LITERAL_CONVERSION = YES;
				CLANG_WARN_OBJC_ROOT_CLASS = YES_ERROR;
				CLANG_WARN_QUOTED_INCLUDE_IN_FRAMEWORK_HEADER = YES;
				CLANG_WARN_RANGE_LOOP_ANALYSIS = YES;
				CLANG_WARN_STRICT_PROTOTYPES = YES;
				CLANG_WARN_SUSPICIOUS_MOVE = YES;
				CLANG_WARN_UNGUARDED_AVAILABILITY = YES_AGGRESSIVE;
				CLANG_WARN_UNREACHABLE_CODE = YES;
				CLANG_WARN__DUPLICATE_METHOD_MATCH = YES;
				COPY_PHASE_STRIP = NO;
				DEBUG_INFORMATION_FORMAT = "dwarf-with-dsym";
				ENABLE_NS_ASSERTIONS = NO;
				ENABLE_STRICT_OBJC_MSGSEND = YES;
				GCC_C_LANGUAGE_STANDARD = gnu11;
				GCC_NO_COMMON_BLOCKS = YES;
				GCC_WARN_64_TO_32_BIT_CONVERSION = YES;
				GCC_WARN_ABOUT_RETURN_TYPE = YES_ERROR;
				GCC_WARN_UNDECLARED_SELECTOR = YES;
				GCC_WARN_UNINITIALIZED_AUTOS = YES_AGGRESSIVE;
				GCC_WARN_UNUSED_FUNCTION = YES;
				GCC_WARN_UNUSED_VARIABLE = YES;
				IPHONEOS_DEPLOYMENT_TARGET = 15.0;
				MTL_ENABLE_DEBUG_INFO = NO;
				MTL_FAST_MATH = YES;
				SDKROOT = iphoneos;
				SWIFT_COMPILATION_MODE = wholemodule;
				SWIFT_OPTIMIZATION_LEVEL = "-O";
				VALIDATE_PRODUCT = YES;
			};
			name = Release;
		};
		776C7864276A4D9E004102BA /* Debug */ = {
			isa = XCBuildConfiguration;
			buildSettings = {
				ASSETCATALOG_COMPILER_APPICON_NAME = AppIcon;
				ASSETCATALOG_COMPILER_GLOBAL_ACCENT_COLOR_NAME = AccentColor;
				CODE_SIGN_STYLE = Automatic;
				CURRENT_PROJECT_VERSION = 1;
				GENERATE_INFOPLIST_FILE = YES;
				INFOPLIST_FILE = HomeWork13/Info.plist;
				INFOPLIST_KEY_UIApplicationSupportsIndirectInputEvents = YES;
				INFOPLIST_KEY_UILaunchStoryboardName = LaunchScreen;
				INFOPLIST_KEY_UIMainStoryboardFile = Main;
				INFOPLIST_KEY_UISupportedInterfaceOrientations_iPad = "UIInterfaceOrientationPortrait UIInterfaceOrientationPortraitUpsideDown UIInterfaceOrientationLandscapeLeft UIInterfaceOrientationLandscapeRight";
				INFOPLIST_KEY_UISupportedInterfaceOrientations_iPhone = "UIInterfaceOrientationPortrait UIInterfaceOrientationLandscapeLeft UIInterfaceOrientationLandscapeRight";
				LD_RUNPATH_SEARCH_PATHS = (
					"$(inherited)",
					"@executable_path/Frameworks",
				);
				MARKETING_VERSION = 1.0;
				PRODUCT_BUNDLE_IDENTIFIER = my.HomeWork13;
				PRODUCT_NAME = "$(TARGET_NAME)";
				SWIFT_EMIT_LOC_STRINGS = YES;
				SWIFT_VERSION = 5.0;
				TARGETED_DEVICE_FAMILY = "1,2";
			};
			name = Debug;
		};
		776C7865276A4D9E004102BA /* Release */ = {
			isa = XCBuildConfiguration;
			buildSettings = {
				ASSETCATALOG_COMPILER_APPICON_NAME = AppIcon;
				ASSETCATALOG_COMPILER_GLOBAL_ACCENT_COLOR_NAME = AccentColor;
				CODE_SIGN_STYLE = Automatic;
				CURRENT_PROJECT_VERSION = 1;
				GENERATE_INFOPLIST_FILE = YES;
				INFOPLIST_FILE = HomeWork13/Info.plist;
				INFOPLIST_KEY_UIApplicationSupportsIndirectInputEvents = YES;
				INFOPLIST_KEY_UILaunchStoryboardName = LaunchScreen;
				INFOPLIST_KEY_UIMainStoryboardFile = Main;
				INFOPLIST_KEY_UISupportedInterfaceOrientations_iPad = "UIInterfaceOrientationPortrait UIInterfaceOrientationPortraitUpsideDown UIInterfaceOrientationLandscapeLeft UIInterfaceOrientationLandscapeRight";
				INFOPLIST_KEY_UISupportedInterfaceOrientations_iPhone = "UIInterfaceOrientationPortrait UIInterfaceOrientationLandscapeLeft UIInterfaceOrientationLandscapeRight";
				LD_RUNPATH_SEARCH_PATHS = (
					"$(inherited)",
					"@executable_path/Frameworks",
				);
				MARKETING_VERSION = 1.0;
				PRODUCT_BUNDLE_IDENTIFIER = my.HomeWork13;
				PRODUCT_NAME = "$(TARGET_NAME)";
				SWIFT_EMIT_LOC_STRINGS = YES;
				SWIFT_VERSION = 5.0;
				TARGETED_DEVICE_FAMILY = "1,2";
			};
			name = Release;
		};
/* End XCBuildConfiguration section */

/* Begin XCConfigurationList section */
		776C784A276A4D9B004102BA /* Build configuration list for PBXProject "HomeWork13" */ = {
			isa = XCConfigurationList;
			buildConfigurations = (
				776C7861276A4D9E004102BA /* Debug */,
				776C7862276A4D9E004102BA /* Release */,
			);
			defaultConfigurationIsVisible = 0;
			defaultConfigurationName = Release;
		};
		776C7863276A4D9E004102BA /* Build configuration list for PBXNativeTarget "HomeWork13" */ = {
			isa = XCConfigurationList;
			buildConfigurations = (
				776C7864276A4D9E004102BA /* Debug */,
				776C7865276A4D9E004102BA /* Release */,
			);
			defaultConfigurationIsVisible = 0;
			defaultConfigurationName = Release;
		};
/* End XCConfigurationList section */
	};
	rootObject = 776C7847276A4D9B004102BA /* Project object */;
}
